{
  "version": 4,
  "terraform_version": "1.12.2",
  "serial": 37,
  "lineage": "767f5327-3ee2-9908-a3dc-698efb90d8fa",
  "outputs": {
    "env_summary": {
      "value": {
        "env": "prod",
        "max_replicas": 10,
        "min_replicas": 3
      },
      "type": [
        "object",
        {
          "env": "string",
          "max_replicas": "number",
          "min_replicas": "number"
        }
      ]
    },
    "generated_file": {
      "value": "./roxs-votingapp-prod-infra.txt",
      "type": "string"
    }
  },
  "resources": [
    {
      "mode": "managed",
      "type": "local_file",
      "name": "infra_summary",
      "provider": "provider[\"registry.terraform.io/hashicorp/local\"]",
      "instances": [
        {
          "schema_version": 0,
          "attributes": {
            "content": "# Infra resumen\nProyecto   : roxs-votingapp\nEntorno    : prod\nCreado     : 2025-08-09 14:26\n\n[Tags]\n- CreatedAt: 2025-08-09 14:26\n- Environment: prod\n- ManagedBy: Terraform\n- Project: roxs-votingapp\n\n[Entorno]\nmin_replicas   = 3\nmax_replicas   = 10\nenable_logging = true\n\n[Herramientas]\n- Git\n- Linux\n- Docker\n- Terraform\n",
            "content_base64": null,
            "content_base64sha256": "pGYHNn4Y25Lef1IHxGSOslh1zBjP2sD96w1cCkdAGn4=",
            "content_base64sha512": "eG28qpStxdBfZoMcndl6+f4yEB+WI5ASOCWPFkbEE86BTaNn4gbaHpgSV3iQNwCc2l562PCWn9Kg03HSvR3mYA==",
            "content_md5": "4b9216e8bfc9bae8e096636810611d35",
            "content_sha1": "0afdc54c69ddd8e35988963d51a63ec192fe6bea",
            "content_sha256": "a46607367e18db92de7f5207c4648eb25875cc18cfdac0fdeb0d5c0a47401a7e",
            "content_sha512": "786dbcaa94adc5d05f66831c9dd97af9fe32101f9623901238258f1646c413ce814da367e206da1e981257789037009cda5e7ad8f0969fd2a0d371d2bd1de660",
            "directory_permission": "0777",
            "file_permission": "0777",
            "filename": "./roxs-votingapp-prod-infra.txt",
            "id": "0afdc54c69ddd8e35988963d51a63ec192fe6bea",
            "sensitive_content": null,
            "source": null
          },
          "sensitive_attributes": [
            [
              {
                "type": "get_attr",
                "value": "sensitive_content"
              }
            ]
          ],
          "identity_schema_version": 0,
          "dependencies": [
            "time_static.generated_at"
          ]
        }
      ]
    },
    {
      "mode": "managed",
      "type": "time_static",
      "name": "generated_at",
      "provider": "provider[\"registry.terraform.io/hashicorp/time\"]",
      "instances": [
        {
          "schema_version": 0,
          "attributes": {
            "day": 9,
            "hour": 14,
            "id": "2025-08-09T14:26:47Z",
            "minute": 26,
            "month": 8,
            "rfc3339": "2025-08-09T14:26:47Z",
            "second": 47,
            "triggers": null,
            "unix": 1754749607,
            "year": 2025
          },
          "sensitive_attributes": [],
          "identity_schema_version": 0
        }
      ]
    }
  ],
  "check_results": [
    {
      "object_kind": "var",
      "config_addr": "var.project_name",
      "status": "pass",
      "objects": [
        {
          "object_addr": "var.project_name",
          "status": "pass"
        }
      ]
    },
    {
      "object_kind": "var",
      "config_addr": "var.student_name",
      "status": "pass",
      "objects": [
        {
          "object_addr": "var.student_name",
          "status": "pass"
        }
      ]
    },
    {
      "object_kind": "var",
      "config_addr": "var.devops_tools",
      "status": "pass",
      "objects": [
        {
          "object_addr": "var.devops_tools",
          "status": "pass"
        }
      ]
    },
    {
      "object_kind": "var",
      "config_addr": "var.environment",
      "status": "pass",
      "objects": [
        {
          "object_addr": "var.environment",
          "status": "pass"
        }
      ]
    }
  ]
}
