{
  "version": 4,
  "terraform_version": "1.12.2",
  "serial": 34,
  "lineage": "767f5327-3ee2-9908-a3dc-698efb90d8fa",
  "outputs": {
    "env_summary": {
      "value": {
        "env": "staging",
        "max_replicas": 4,
        "min_replicas": 2
      },
      "type": [
        "object",
        {
          "env": "string",
          "max_replicas": "number",
          "min_replicas": "number"
        }
      ]
    },
    "generated_file": {
      "value": "./roxs-votingapp-staging-infra.txt",
      "type": "string"
    }
  },
  "resources": [
    {
      "mode": "managed",
      "type": "local_file",
      "name": "infra_summary",
      "provider": "provider[\"registry.terraform.io/hashicorp/local\"]",
      "instances": [
        {
          "schema_version": 0,
          "attributes": {
            "content": "# Infra resumen\nProyecto   : roxs-votingapp\nEntorno    : staging\nCreado     : 2025-08-09 14:26\n\n[Tags]\n- CreatedAt: 2025-08-09 14:26\n- Environment: staging\n- ManagedBy: Terraform\n- Project: roxs-votingapp\n\n[Entorno]\nmin_replicas   = 2\nmax_replicas   = 4\nenable_logging = true\n\n[Herramientas]\n- Git\n- Linux\n- Docker\n- Terraform\n",
            "content_base64": null,
            "content_base64sha256": "RaZIWtmLtaeeeMJD/nUj/jJOXQLh7oOjeFm6rJoJL3o=",
            "content_base64sha512": "6gtjD71ym9Wm08hv7QuqGhfr9GWrXm3N0Aoh42iVfUuuCSvj2Ma4DMfKEgeyJtCu51Ql0qncJS0MUufMTUQiXA==",
            "content_md5": "32bc5b018664d8c7cff1a8972a86493d",
            "content_sha1": "500ee090ba0aa3eeeb62057f9918f775bc49dae9",
            "content_sha256": "45a6485ad98bb5a79e78c243fe7523fe324e5d02e1ee83a37859baac9a092f7a",
            "content_sha512": "ea0b630fbd729bd5a6d3c86fed0baa1a17ebf465ab5e6dcdd00a21e368957d4bae092be3d8c6b80cc7ca1207b226d0aee75425d2a9dc252d0c52e7cc4d44225c",
            "directory_permission": "0777",
            "file_permission": "0777",
            "filename": "./roxs-votingapp-staging-infra.txt",
            "id": "500ee090ba0aa3eeeb62057f9918f775bc49dae9",
            "sensitive_content": null,
            "source": null
          },
          "sensitive_attributes": [
            [
              {
                "type": "get_attr",
                "value": "sensitive_content"
              }
            ]
          ],
          "identity_schema_version": 0,
          "dependencies": [
            "time_static.generated_at"
          ]
        }
      ]
    },
    {
      "mode": "managed",
      "type": "time_static",
      "name": "generated_at",
      "provider": "provider[\"registry.terraform.io/hashicorp/time\"]",
      "instances": [
        {
          "schema_version": 0,
          "attributes": {
            "day": 9,
            "hour": 14,
            "id": "2025-08-09T14:26:47Z",
            "minute": 26,
            "month": 8,
            "rfc3339": "2025-08-09T14:26:47Z",
            "second": 47,
            "triggers": null,
            "unix": 1754749607,
            "year": 2025
          },
          "sensitive_attributes": [],
          "identity_schema_version": 0
        }
      ]
    }
  ],
  "check_results": [
    {
      "object_kind": "var",
      "config_addr": "var.student_name",
      "status": "pass",
      "objects": [
        {
          "object_addr": "var.student_name",
          "status": "pass"
        }
      ]
    },
    {
      "object_kind": "var",
      "config_addr": "var.devops_tools",
      "status": "pass",
      "objects": [
        {
          "object_addr": "var.devops_tools",
          "status": "pass"
        }
      ]
    },
    {
      "object_kind": "var",
      "config_addr": "var.environment",
      "status": "pass",
      "objects": [
        {
          "object_addr": "var.environment",
          "status": "pass"
        }
      ]
    },
    {
      "object_kind": "var",
      "config_addr": "var.project_name",
      "status": "pass",
      "objects": [
        {
          "object_addr": "var.project_name",
          "status": "pass"
        }
      ]
    }
  ]
}
